// !$*UTF8*$!
{
	archiveVersion = 1;
	classes = {
	};
	objectVersion = 48;
	objects = {

/* Begin PBXBuildFile section */
		8426BFC61FE9813C0047AF53 /* SocketIpcSharedLibrary.framework in Frameworks */ = {isa = PBXBuildFile; fileRef = 8426BFC71FE9813C0047AF53 /* SocketIpcSharedLibrary.framework */; };
		8426C3931FE4789300D9116C /* AppDelegate.swift in Sources */ = {isa = PBXBuildFile; fileRef = 8426C3921FE4789300D9116C /* AppDelegate.swift */; };
		8426C3951FE4789300D9116C /* Assets.xcassets in Resources */ = {isa = PBXBuildFile; fileRef = 8426C3941FE4789300D9116C /* Assets.xcassets */; };
		8426C3981FE4789300D9116C /* MainMenu.xib in Resources */ = {isa = PBXBuildFile; fileRef = 8426C3961FE4789300D9116C /* MainMenu.xib */; };
		8426C3A41FE4789300D9116C /* Foreground_AppTests.swift in Sources */ = {isa = PBXBuildFile; fileRef = 8426C3A31FE4789300D9116C /* Foreground_AppTests.swift */; };
/* End PBXBuildFile section */

/* Begin PBXContainerItemProxy section */
		8426C3A01FE4789300D9116C /* PBXContainerItemProxy */ = {
			isa = PBXContainerItemProxy;
			containerPortal = 8426C3871FE4789300D9116C /* Project object */;
			proxyType = 1;
			remoteGlobalIDString = 8426C38E1FE4789300D9116C;
			remoteInfo = "Foreground App";
		};
/* End PBXContainerItemProxy section */

/* Begin PBXFileReference section */
		840DEDAE1FE875430085CBAA /* Foreground App.entitlements */ = {isa = PBXFileReference; lastKnownFileType = text.plist.entitlements; path = "Foreground App.entitlements"; sourceTree = "<group>"; };
		8426BFC71FE9813C0047AF53 /* SocketIpcSharedLibrary.framework */ = {isa = PBXFileReference; explicitFileType = wrapper.framework; path = SocketIpcSharedLibrary.framework; sourceTree = BUILT_PRODUCTS_DIR; };
		8426C38F1FE4789300D9116C /* Foreground App.app */ = {isa = PBXFileReference; explicitFileType = wrapper.application; includeInIndex = 0; path = "Foreground App.app"; sourceTree = BUILT_PRODUCTS_DIR; };
		8426C3921FE4789300D9116C /* AppDelegate.swift */ = {isa = PBXFileReference; lastKnownFileType = sourcecode.swift; path = AppDelegate.swift; sourceTree = "<group>"; };
		8426C3941FE4789300D9116C /* Assets.xcassets */ = {isa = PBXFileReference; lastKnownFileType = folder.assetcatalog; path = Assets.xcassets; sourceTree = "<group>"; };
		8426C3971FE4789300D9116C /* Base */ = {isa = PBXFileReference; lastKnownFileType = file.xib; name = Base; path = Base.lproj/MainMenu.xib; sourceTree = "<group>"; };
		8426C3991FE4789300D9116C /* Info.plist */ = {isa = PBXFileReference; lastKnownFileType = text.plist.xml; path = Info.plist; sourceTree = "<group>"; };
		8426C39A1FE4789300D9116C /* Foreground_App.entitlements */ = {isa = PBXFileReference; lastKnownFileType = text.plist.entitlements; path = Foreground_App.entitlements; sourceTree = "<group>"; };
		8426C39F1FE4789300D9116C /* Foreground AppTests.xctest */ = {isa = PBXFileReference; explicitFileType = wrapper.cfbundle; includeInIndex = 0; path = "Foreground AppTests.xctest"; sourceTree = BUILT_PRODUCTS_DIR; };
		8426C3A31FE4789300D9116C /* Foreground_AppTests.swift */ = {isa = PBXFileReference; lastKnownFileType = sourcecode.swift; path = Foreground_AppTests.swift; sourceTree = "<group>"; };
		8426C3A51FE4789300D9116C /* Info.plist */ = {isa = PBXFileReference; lastKnownFileType = text.plist.xml; path = Info.plist; sourceTree = "<group>"; };
/* End PBXFileReference section */

/* Begin PBXFrameworksBuildPhase section */
		8426C38C1FE4789300D9116C /* Frameworks */ = {
			isa = PBXFrameworksBuildPhase;
			buildActionMask = 2147483647;
			files = (
				8426BFC61FE9813C0047AF53 /* SocketIpcSharedLibrary.framework in Frameworks */,
			);
			runOnlyForDeploymentPostprocessing = 0;
		};
		8426C39C1FE4789300D9116C /* Frameworks */ = {
			isa = PBXFrameworksBuildPhase;
			buildActionMask = 2147483647;
			files = (
			);
			runOnlyForDeploymentPostprocessing = 0;
		};
/* End PBXFrameworksBuildPhase section */

/* Begin PBXGroup section */
		8426C3861FE4789300D9116C = {
			isa = PBXGroup;
			children = (
				8426C3911FE4789300D9116C /* Foreground App */,
				8426C3A21FE4789300D9116C /* Foreground AppTests */,
				8426C3901FE4789300D9116C /* Products */,
				846159651FE47A30008DFB92 /* Frameworks */,
			);
			sourceTree = "<group>";
		};
		8426C3901FE4789300D9116C /* Products */ = {
			isa = PBXGroup;
			children = (
				8426C38F1FE4789300D9116C /* Foreground App.app */,
				8426C39F1FE4789300D9116C /* Foreground AppTests.xctest */,
			);
			name = Products;
			sourceTree = "<group>";
		};
		8426C3911FE4789300D9116C /* Foreground App */ = {
			isa = PBXGroup;
			children = (
				840DEDAE1FE875430085CBAA /* Foreground App.entitlements */,
				8426C3921FE4789300D9116C /* AppDelegate.swift */,
				8426C3941FE4789300D9116C /* Assets.xcassets */,
				8426C3961FE4789300D9116C /* MainMenu.xib */,
				8426C3991FE4789300D9116C /* Info.plist */,
				8426C39A1FE4789300D9116C /* Foreground_App.entitlements */,
			);
			path = "Foreground App";
			sourceTree = "<group>";
		};
		8426C3A21FE4789300D9116C /* Foreground AppTests */ = {
			isa = PBXGroup;
			children = (
				8426C3A31FE4789300D9116C /* Foreground_AppTests.swift */,
				8426C3A51FE4789300D9116C /* Info.plist */,
			);
			path = "Foreground AppTests";
			sourceTree = "<group>";
		};
		846159651FE47A30008DFB92 /* Frameworks */ = {
			isa = PBXGroup;
			children = (
				8426BFC71FE9813C0047AF53 /* SocketIpcSharedLibrary.framework */,
			);
			name = Frameworks;
			sourceTree = "<group>";
		};
/* End PBXGroup section */

/* Begin PBXNativeTarget section */
		8426C38E1FE4789300D9116C /* Foreground App */ = {
			isa = PBXNativeTarget;
			buildConfigurationList = 8426C3A81FE4789300D9116C /* Build configuration list for PBXNativeTarget "Foreground App" */;
			buildPhases = (
				8426C38B1FE4789300D9116C /* Sources */,
				8426C38C1FE4789300D9116C /* Frameworks */,
				8426C38D1FE4789300D9116C /* Resources */,
			);
			buildRules = (
			);
			dependencies = (
			);
			name = "Foreground App";
			productName = "Foreground App";
			productReference = 8426C38F1FE4789300D9116C /* Foreground App.app */;
			productType = "com.apple.product-type.application";
		};
		8426C39E1FE4789300D9116C /* Foreground AppTests */ = {
			isa = PBXNativeTarget;
			buildConfigurationList = 8426C3AB1FE4789300D9116C /* Build configuration list for PBXNativeTarget "Foreground AppTests" */;
			buildPhases = (
				8426C39B1FE4789300D9116C /* Sources */,
				8426C39C1FE4789300D9116C /* Frameworks */,
				8426C39D1FE4789300D9116C /* Resources */,
			);
			buildRules = (
			);
			dependencies = (
				8426C3A11FE4789300D9116C /* PBXTargetDependency */,
			);
			name = "Foreground AppTests";
			productName = "Foreground AppTests";
			productReference = 8426C39F1FE4789300D9116C /* Foreground AppTests.xctest */;
			productType = "com.apple.product-type.bundle.unit-test";
		};
/* End PBXNativeTarget section */

/* Begin PBXProject section */
		8426C3871FE4789300D9116C /* Project object */ = {
			isa = PBXProject;
			attributes = {
				LastSwiftUpdateCheck = 0920;
				LastUpgradeCheck = 0920;
				ORGANIZATIONNAME = "Ben Leggiero";
				TargetAttributes = {
					8426C38E1FE4789300D9116C = {
						CreatedOnToolsVersion = 9.2;
						ProvisioningStyle = Automatic;
					};
					8426C39E1FE4789300D9116C = {
						CreatedOnToolsVersion = 9.2;
						ProvisioningStyle = Automatic;
						TestTargetID = 8426C38E1FE4789300D9116C;
					};
				};
			};
			buildConfigurationList = 8426C38A1FE4789300D9116C /* Build configuration list for PBXProject "Foreground App" */;
			compatibilityVersion = "Xcode 8.0";
			developmentRegion = en;
			hasScannedForEncodings = 0;
			knownRegions = (
				en,
				Base,
			);
			mainGroup = 8426C3861FE4789300D9116C;
			productRefGroup = 8426C3901FE4789300D9116C /* Products */;
			projectDirPath = "";
			projectRoot = "";
			targets = (
				8426C38E1FE4789300D9116C /* Foreground App */,
				8426C39E1FE4789300D9116C /* Foreground AppTests */,
			);
		};
/* End PBXProject section */

/* Begin PBXResourcesBuildPhase section */
		8426C38D1FE4789300D9116C /* Resources */ = {
			isa = PBXResourcesBuildPhase;
			buildActionMask = 2147483647;
			files = (
				8426C3951FE4789300D9116C /* Assets.xcassets in Resources */,
				8426C3981FE4789300D9116C /* MainMenu.xib in Resources */,
			);
			runOnlyForDeploymentPostprocessing = 0;
		};
		8426C39D1FE4789300D9116C /* Resources */ = {
			isa = PBXResourcesBuildPhase;
			buildActionMask = 2147483647;
			files = (
			);
			runOnlyForDeploymentPostprocessing = 0;
		};
/* End PBXResourcesBuildPhase section */

/* Begin PBXSourcesBuildPhase section */
		8426C38B1FE4789300D9116C /* Sources */ = {
			isa = PBXSourcesBuildPhase;
			buildActionMask = 2147483647;
			files = (
				8426C3931FE4789300D9116C /* AppDelegate.swift in Sources */,
			);
			runOnlyForDeploymentPostprocessing = 0;
		};
		8426C39B1FE4789300D9116C /* Sources */ = {
			isa = PBXSourcesBuildPhase;
			buildActionMask = 2147483647;
			files = (
				8426C3A41FE4789300D9116C /* Foreground_AppTests.swift in Sources */,
			);
			runOnlyForDeploymentPostprocessing = 0;
		};
/* End PBXSourcesBuildPhase section */

/* Begin PBXTargetDependency section */
		8426C3A11FE4789300D9116C /* PBXTargetDependency */ = {
			isa = PBXTargetDependency;
			target = 8426C38E1FE4789300D9116C /* Foreground App */;
			targetProxy = 8426C3A01FE4789300D9116C /* PBXContainerItemProxy */;
		};
/* End PBXTargetDependency section */

/* Begin PBXVariantGroup section */
		8426C3961FE4789300D9116C /* MainMenu.xib */ = {
			isa = PBXVariantGroup;
			children = (
				8426C3971FE4789300D9116C /* Base */,
			);
			name = MainMenu.xib;
			sourceTree = "<group>";
		};
/* End PBXVariantGroup section */

/* Begin XCBuildConfiguration section */
		8426C3A61FE4789300D9116C /* Debug */ = {
			isa = XCBuildConfiguration;
			buildSettings = {
				ALWAYS_SEARCH_USER_PATHS = NO;
				CLANG_ANALYZER_NONNULL = YES;
				CLANG_ANALYZER_NUMBER_OBJECT_CONVERSION = YES_AGGRESSIVE;
				CLANG_CXX_LANGUAGE_STANDARD = "gnu++14";
				CLANG_CXX_LIBRARY = "libc++";
				CLANG_ENABLE_MODULES = YES;
				CLANG_ENABLE_OBJC_ARC = YES;
				CLANG_WARN_BLOCK_CAPTURE_AUTORELEASING = YES;
				CLANG_WARN_BOOL_CONVERSION = YES;
				CLANG_WARN_COMMA = YES;
				CLANG_WARN_CONSTANT_CONVERSION = YES;
				CLANG_WARN_DIRECT_OBJC_ISA_USAGE = YES_ERROR;
				CLANG_WARN_DOCUMENTATION_COMMENTS = YES;
				CLANG_WARN_EMPTY_BODY = YES;
				CLANG_WARN_ENUM_CONVERSION = YES;
				CLANG_WARN_INFINITE_RECURSION = YES;
				CLANG_WARN_INT_CONVERSION = YES;
				CLANG_WARN_NON_LITERAL_NULL_CONVERSION = YES;
				CLANG_WARN_OBJC_LITERAL_CONVERSION = YES;
				CLANG_WARN_OBJC_ROOT_CLASS = YES_ERROR;
				CLANG_WARN_RANGE_LOOP_ANALYSIS = YES;
				CLANG_WARN_STRICT_PROTOTYPES = YES;
				CLANG_WARN_SUSPICIOUS_MOVE = YES;
				CLANG_WARN_UNGUARDED_AVAILABILITY = YES_AGGRESSIVE;
				CLANG_WARN_UNREACHABLE_CODE = YES;
				CLANG_WARN__DUPLICATE_METHOD_MATCH = YES;
				CODE_SIGN_IDENTITY = "Mac Developer";
				COPY_PHASE_STRIP = NO;
				DEBUG_INFORMATION_FORMAT = dwarf;
				ENABLE_STRICT_OBJC_MSGSEND = YES;
				ENABLE_TESTABILITY = YES;
				GCC_C_LANGUAGE_STANDARD = gnu11;
				GCC_DYNAMIC_NO_PIC = NO;
				GCC_NO_COMMON_BLOCKS = YES;
				GCC_OPTIMIZATION_LEVEL = 0;
				GCC_PREPROCESSOR_DEFINITIONS = (
					"DEBUG=1",
					"$(inherited)",
				);
				GCC_WARN_64_TO_32_BIT_CONVERSION = YES;
				GCC_WARN_ABOUT_RETURN_TYPE = YES_ERROR;
				GCC_WARN_UNDECLARED_SELECTOR = YES;
				GCC_WARN_UNINITIALIZED_AUTOS = YES_AGGRESSIVE;
				GCC_WARN_UNUSED_FUNCTION = YES;
				GCC_WARN_UNUSED_VARIABLE = YES;
				MACOSX_DEPLOYMENT_TARGET = 10.12;
				MTL_ENABLE_DEBUG_INFO = YES;
				ONLY_ACTIVE_ARCH = YES;
				SDKROOT = macosx;
				SWIFT_ACTIVE_COMPILATION_CONDITIONS = DEBUG;
				SWIFT_OPTIMIZATION_LEVEL = "-Onone";
			};
			name = Debug;
		};
		8426C3A71FE4789300D9116C /* Release */ = {
			isa = XCBuildConfiguration;
			buildSettings = {
				ALWAYS_SEARCH_USER_PATHS = NO;
				CLANG_ANALYZER_NONNULL = YES;
				CLANG_ANALYZER_NUMBER_OBJECT_CONVERSION = YES_AGGRESSIVE;
				CLANG_CXX_LANGUAGE_STANDARD = "gnu++14";
				CLANG_CXX_LIBRARY = "libc++";
				CLANG_ENABLE_MODULES = YES;
				CLANG_ENABLE_OBJC_ARC = YES;
				CLANG_WARN_BLOCK_CAPTURE_AUTORELEASING = YES;
				CLANG_WARN_BOOL_CONVERSION = YES;
				CLANG_WARN_COMMA = YES;
				CLANG_WARN_CONSTANT_CONVERSION = YES;
				CLANG_WARN_DIRECT_OBJC_ISA_USAGE = YES_ERROR;
				CLANG_WARN_DOCUMENTATION_COMMENTS = YES;
				CLANG_WARN_EMPTY_BODY = YES;
				CLANG_WARN_ENUM_CONVERSION = YES;
				CLANG_WARN_INFINITE_RECURSION = YES;
				CLANG_WARN_INT_CONVERSION = YES;
				CLANG_WARN_NON_LITERAL_NULL_CONVERSION = YES;
				CLANG_WARN_OBJC_LITERAL_CONVERSION = YES;
				CLANG_WARN_OBJC_ROOT_CLASS = YES_ERROR;
				CLANG_WARN_RANGE_LOOP_ANALYSIS = YES;
				CLANG_WARN_STRICT_PROTOTYPES = YES;
				CLANG_WARN_SUSPICIOUS_MOVE = YES;
				CLANG_WARN_UNGUARDED_AVAILABILITY = YES_AGGRESSIVE;
				CLANG_WARN_UNREACHABLE_CODE = YES;
				CLANG_WARN__DUPLICATE_METHOD_MATCH = YES;
				CODE_SIGN_IDENTITY = "Mac Developer";
				COPY_PHASE_STRIP = NO;
				DEBUG_INFORMATION_FORMAT = "dwarf-with-dsym";
				ENABLE_NS_ASSERTIONS = NO;
				ENABLE_STRICT_OBJC_MSGSEND = YES;
				GCC_C_LANGUAGE_STANDARD = gnu11;
				GCC_NO_COMMON_BLOCKS = YES;
				GCC_WARN_64_TO_32_BIT_CONVERSION = YES;
				GCC_WARN_ABOUT_RETURN_TYPE = YES_ERROR;
				GCC_WARN_UNDECLARED_SELECTOR = YES;
				GCC_WARN_UNINITIALIZED_AUTOS = YES_AGGRESSIVE;
				GCC_WARN_UNUSED_FUNCTION = YES;
				GCC_WARN_UNUSED_VARIABLE = YES;
				MACOSX_DEPLOYMENT_TARGET = 10.12;
				MTL_ENABLE_DEBUG_INFO = NO;
				SDKROOT = macosx;
				SWIFT_OPTIMIZATION_LEVEL = "-Owholemodule";
			};
			name = Release;
		};
		8426C3A91FE4789300D9116C /* Debug */ = {
			isa = XCBuildConfiguration;
			buildSettings = {
				ASSETCATALOG_COMPILER_APPICON_NAME = AppIcon;
				CODE_SIGN_ENTITLEMENTS = "Foreground App/Foreground App.entitlements";
				CODE_SIGN_STYLE = Automatic;
				COMBINE_HIDPI_IMAGES = YES;
				DEVELOPMENT_TEAM = 26UDQ2545K;
				INFOPLIST_FILE = "Foreground App/Info.plist";
				LD_RUNPATH_SEARCH_PATHS = "$(inherited) @executable_path/../Frameworks";
				PRODUCT_BUNDLE_IDENTIFIER = "me.benleggiero.Foreground-App";
				PRODUCT_NAME = "$(TARGET_NAME)";
				SWIFT_VERSION = 4.0;
			};
			name = Debug;
		};
		8426C3AA1FE4789300D9116C /* Release */ = {
			isa = XCBuildConfiguration;
			buildSettings = {
				ASSETCATALOG_COMPILER_APPICON_NAME = AppIcon;
				CODE_SIGN_ENTITLEMENTS = "Foreground App/Foreground App.entitlements";
				CODE_SIGN_STYLE = Automatic;
				COMBINE_HIDPI_IMAGES = YES;
				DEVELOPMENT_TEAM = 26UDQ2545K;
				INFOPLIST_FILE = "Foreground App/Info.plist";
				LD_RUNPATH_SEARCH_PATHS = "$(inherited) @executable_path/../Frameworks";
				PRODUCT_BUNDLE_IDENTIFIER = "me.benleggiero.Foreground-App";
				PRODUCT_NAME = "$(TARGET_NAME)";
				SWIFT_VERSION = 4.0;
			};
			name = Release;
		};
		8426C3AC1FE4789300D9116C /* Debug */ = {
			isa = XCBuildConfiguration;
			buildSettings = {
				ALWAYS_EMBED_SWIFT_STANDARD_LIBRARIES = YES;
				BUNDLE_LOADER = "$(TEST_HOST)";
				CODE_SIGN_STYLE = Automatic;
				COMBINE_HIDPI_IMAGES = YES;
				DEVELOPMENT_TEAM = 26UDQ2545K;
				INFOPLIST_FILE = "Foreground AppTests/Info.plist";
				LD_RUNPATH_SEARCH_PATHS = "$(inherited) @executable_path/../Frameworks @loader_path/../Frameworks";
				PRODUCT_BUNDLE_IDENTIFIER = "me.benleggiero.Foreground-AppTests";
				PRODUCT_NAME = "$(TARGET_NAME)";
				SWIFT_VERSION = 4.0;
				TEST_HOST = "$(BUILT_PRODUCTS_DIR)/Foreground App.app/Contents/MacOS/Foreground App";
			};
			name = Debug;
		};
		8426C3AD1FE4789300D9116C /* Release */ = {
			isa = XCBuildConfiguration;
			buildSettings = {
				ALWAYS_EMBED_SWIFT_STANDARD_LIBRARIES = YES;
				BUNDLE_LOADER = "$(TEST_HOST)";
				CODE_SIGN_STYLE = Automatic;
				COMBINE_HIDPI_IMAGES = YES;
				DEVELOPMENT_TEAM = 26UDQ2545K;
				INFOPLIST_FILE = "Foreground AppTests/Info.plist";
				LD_RUNPATH_SEARCH_PATHS = "$(inherited) @executable_path/../Frameworks @loader_path/../Frameworks";
				PRODUCT_BUNDLE_IDENTIFIER = "me.benleggiero.Foreground-AppTests";
				PRODUCT_NAME = "$(TARGET_NAME)";
				SWIFT_VERSION = 4.0;
				TEST_HOST = "$(BUILT_PRODUCTS_DIR)/Foreground App.app/Contents/MacOS/Foreground App";
			};
			name = Release;
		};
/* End XCBuildConfiguration section */

/* Begin XCConfigurationList section */
		8426C38A1FE4789300D9116C /* Build configuration list for PBXProject "Foreground App" */ = {
			isa = XCConfigurationList;
			buildConfigurations = (
				8426C3A61FE4789300D9116C /* Debug */,
				8426C3A71FE4789300D9116C /* Release */,
			);
			defaultConfigurationIsVisible = 0;
			defaultConfigurationName = Release;
		};
		8426C3A81FE4789300D9116C /* Build configuration list for PBXNativeTarget "Foreground App" */ = {
			isa = XCConfigurationList;
			buildConfigurations = (
				8426C3A91FE4789300D9116C /* Debug */,
				8426C3AA1FE4789300D9116C /* Release */,
			);
			defaultConfigurationIsVisible = 0;
			defaultConfigurationName = Release;
		};
		8426C3AB1FE4789300D9116C /* Build configuration list for PBXNativeTarget "Foreground AppTests" */ = {
			isa = XCConfigurationList;
			buildConfigurations = (
				8426C3AC1FE4789300D9116C /* Debug */,
				8426C3AD1FE4789300D9116C /* Release */,
			);
			defaultConfigurationIsVisible = 0;
			defaultConfigurationName = Release;
		};
/* End XCConfigurationList section */
	};
	rootObject = 8426C3871FE4789300D9116C /* Project object */;
}
